
Microsoft Visual Studio Solution File, Format Version 12.00
# Visual Studio Version 17
VisualStudioVersion = 17.9.34723.18
MinimumVisualStudioVersion = 10.0.40219.1
Project("{FAE04EC0-301F-11D3-BF4B-00C04F79EFBC}") = "Pjanalista_DosCrucez", "Pjanalista_DosCrucez\Pjanalista_DosCrucez.csproj", "{BAFE087A-822A-4B3D-8DF9-C7667D11318D}"
EndProject
Global
	GlobalSection(SolutionConfigurationPlatforms) = preSolution
		Debug|Any CPU = Debug|Any CPU
		Release|Any CPU = Release|Any CPU
	EndGlobalSection
	GlobalSection(ProjectConfigurationPlatforms) = postSolution
		{BAFE087A-822A-4B3D-8DF9-C7667D11318D}.Debug|Any CPU.ActiveCfg = Debug|Any CPU
		{BAFE087A-822A-4B3D-8DF9-C7667D11318D}.Debug|Any CPU.Build.0 = Debug|Any CPU
		{BAFE087A-822A-4B3D-8DF9-C7667D11318D}.Release|Any CPU.ActiveCfg = Release|Any CPU
		{BAFE087A-822A-4B3D-8DF9-C7667D11318D}.Release|Any CPU.Build.0 = Release|Any CPU
	EndGlobalSection
	GlobalSection(SolutionProperties) = preSolution
		HideSolutionNode = FALSE
	EndGlobalSection
	GlobalSection(ExtensibilityGlobals) = postSolution
		SolutionGuid = {47209315-CAE8-4159-8034-FD726424B03A}
	EndGlobalSection
EndGlobal
